
Microsoft Visual Studio Solution File, Format Version 12.00
# Visual Studio Express 2012 for Windows Desktop
Project("{FAE04EC0-301F-11D3-BF4B-00C04F79EFBC}") = "SiGamal", "SiGamal\SiGamal.csproj", "{56A8B8AF-E512-47E9-BCD0-B39253528701}"
EndProject
Project("{FAE04EC0-301F-11D3-BF4B-00C04F79EFBC}") = "SiGamalEngine", "SiGamalEngine\SiGamalEngine.csproj", "{51525A36-CBCE-4FEE-8238-FD4D1A6CA5D6}"
EndProject
Global
	GlobalSection(SolutionConfigurationPlatforms) = preSolution
		Debug|Any CPU = Debug|Any CPU
		Release|Any CPU = Release|Any CPU
	EndGlobalSection
	GlobalSection(ProjectConfigurationPlatforms) = postSolution
		{56A8B8AF-E512-47E9-BCD0-B39253528701}.Debug|Any CPU.ActiveCfg = Debug|Any CPU
		{56A8B8AF-E512-47E9-BCD0-B39253528701}.Debug|Any CPU.Build.0 = Debug|Any CPU
		{56A8B8AF-E512-47E9-BCD0-B39253528701}.Release|Any CPU.ActiveCfg = Release|Any CPU
		{56A8B8AF-E512-47E9-BCD0-B39253528701}.Release|Any CPU.Build.0 = Release|Any CPU
		{51525A36-CBCE-4FEE-8238-FD4D1A6CA5D6}.Debug|Any CPU.ActiveCfg = Debug|Any CPU
		{51525A36-CBCE-4FEE-8238-FD4D1A6CA5D6}.Debug|Any CPU.Build.0 = Debug|Any CPU
		{51525A36-CBCE-4FEE-8238-FD4D1A6CA5D6}.Release|Any CPU.ActiveCfg = Release|Any CPU
		{51525A36-CBCE-4FEE-8238-FD4D1A6CA5D6}.Release|Any CPU.Build.0 = Release|Any CPU
	EndGlobalSection
	GlobalSection(SolutionProperties) = preSolution
		HideSolutionNode = FALSE
	EndGlobalSection
EndGlobal
